
Microsoft Visual Studio Solution File, Format Version 12.00
# Visual Studio Version 16
VisualStudioVersion = 16.0.31129.286
MinimumVisualStudioVersion = 10.0.40219.1
Project("{FAE04EC0-301F-11D3-BF4B-00C04F79EFBC}") = "Lib", "Lib\Lib.csproj", "{90C60433-9561-4F69-A19E-2EF58BF8E5B6}"
EndProject
Project("{FAE04EC0-301F-11D3-BF4B-00C04F79EFBC}") = "Host", "Host\Host.csproj", "{2DBDB785-6CF6-4B3D-B7DE-FC27C3F73FAE}"
EndProject
Project("{FAE04EC0-301F-11D3-BF4B-00C04F79EFBC}") = "Client", "Client\Client.csproj", "{C1192022-FE4E-45E4-B194-B402823702AA}"
	ProjectSection(ProjectDependencies) = postProject
		{90C60433-9561-4F69-A19E-2EF58BF8E5B6} = {90C60433-9561-4F69-A19E-2EF58BF8E5B6}
	EndProjectSection
EndProject
Global
	GlobalSection(SolutionConfigurationPlatforms) = preSolution
		Debug|Any CPU = Debug|Any CPU
		Release|Any CPU = Release|Any CPU
	EndGlobalSection
	GlobalSection(ProjectConfigurationPlatforms) = postSolution
		{90C60433-9561-4F69-A19E-2EF58BF8E5B6}.Debug|Any CPU.ActiveCfg = Debug|Any CPU
		{90C60433-9561-4F69-A19E-2EF58BF8E5B6}.Debug|Any CPU.Build.0 = Debug|Any CPU
		{90C60433-9561-4F69-A19E-2EF58BF8E5B6}.Release|Any CPU.ActiveCfg = Release|Any CPU
		{90C60433-9561-4F69-A19E-2EF58BF8E5B6}.Release|Any CPU.Build.0 = Release|Any CPU
		{2DBDB785-6CF6-4B3D-B7DE-FC27C3F73FAE}.Debug|Any CPU.ActiveCfg = Debug|Any CPU
		{2DBDB785-6CF6-4B3D-B7DE-FC27C3F73FAE}.Debug|Any CPU.Build.0 = Debug|Any CPU
		{2DBDB785-6CF6-4B3D-B7DE-FC27C3F73FAE}.Release|Any CPU.ActiveCfg = Release|Any CPU
		{2DBDB785-6CF6-4B3D-B7DE-FC27C3F73FAE}.Release|Any CPU.Build.0 = Release|Any CPU
		{C1192022-FE4E-45E4-B194-B402823702AA}.Debug|Any CPU.ActiveCfg = Debug|Any CPU
		{C1192022-FE4E-45E4-B194-B402823702AA}.Debug|Any CPU.Build.0 = Debug|Any CPU
		{C1192022-FE4E-45E4-B194-B402823702AA}.Release|Any CPU.ActiveCfg = Release|Any CPU
		{C1192022-FE4E-45E4-B194-B402823702AA}.Release|Any CPU.Build.0 = Release|Any CPU
	EndGlobalSection
	GlobalSection(SolutionProperties) = preSolution
		HideSolutionNode = FALSE
	EndGlobalSection
	GlobalSection(ExtensibilityGlobals) = postSolution
		SolutionGuid = {6E0A41ED-D88D-4C31-8428-5C2A89AD9A64}
	EndGlobalSection
EndGlobal
